
Microsoft Visual Studio Solution File, Format Version 12.00
# Visual Studio Version 17
VisualStudioVersion = 17.7.34024.191
MinimumVisualStudioVersion = 10.0.40219.1
Project("{FAE04EC0-301F-11D3-BF4B-00C04F79EFBC}") = "kurs", "kurs\kurs.csproj", "{1E04D601-EC13-4DD3-9674-C384CC3FE2DF}"
EndProject
Global
	GlobalSection(SolutionConfigurationPlatforms) = preSolution
		Debug|Any CPU = Debug|Any CPU
		Release|Any CPU = Release|Any CPU
	EndGlobalSection
	GlobalSection(ProjectConfigurationPlatforms) = postSolution
		{1E04D601-EC13-4DD3-9674-C384CC3FE2DF}.Debug|Any CPU.ActiveCfg = Debug|Any CPU
		{1E04D601-EC13-4DD3-9674-C384CC3FE2DF}.Debug|Any CPU.Build.0 = Debug|Any CPU
		{1E04D601-EC13-4DD3-9674-C384CC3FE2DF}.Release|Any CPU.ActiveCfg = Release|Any CPU
		{1E04D601-EC13-4DD3-9674-C384CC3FE2DF}.Release|Any CPU.Build.0 = Release|Any CPU
	EndGlobalSection
	GlobalSection(SolutionProperties) = preSolution
		HideSolutionNode = FALSE
	EndGlobalSection
	GlobalSection(ExtensibilityGlobals) = postSolution
		SolutionGuid = {AF722CBD-C936-4391-A7E2-B02964585C01}
	EndGlobalSection
EndGlobal
